
Microsoft Visual Studio Solution File, Format Version 12.00
# Visual Studio Version 17
VisualStudioVersion = 17.3.32922.545
MinimumVisualStudioVersion = 10.0.40219.1
Project("{FAE04EC0-301F-11D3-BF4B-00C04F79EFBC}") = "WindowsFormsApp1", "WindowsFormsApp1\WindowsFormsApp1.csproj", "{B865A7D4-A0F9-4E86-BC90-3F9FF0410049}"
EndProject
Global
	GlobalSection(SolutionConfigurationPlatforms) = preSolution
		Debug|Any CPU = Debug|Any CPU
		Release|Any CPU = Release|Any CPU
	EndGlobalSection
	GlobalSection(ProjectConfigurationPlatforms) = postSolution
		{B865A7D4-A0F9-4E86-BC90-3F9FF0410049}.Debug|Any CPU.ActiveCfg = Debug|Any CPU
		{B865A7D4-A0F9-4E86-BC90-3F9FF0410049}.Debug|Any CPU.Build.0 = Debug|Any CPU
		{B865A7D4-A0F9-4E86-BC90-3F9FF0410049}.Release|Any CPU.ActiveCfg = Release|Any CPU
		{B865A7D4-A0F9-4E86-BC90-3F9FF0410049}.Release|Any CPU.Build.0 = Release|Any CPU
	EndGlobalSection
	GlobalSection(SolutionProperties) = preSolution
		HideSolutionNode = FALSE
	EndGlobalSection
	GlobalSection(ExtensibilityGlobals) = postSolution
		SolutionGuid = {8DD13804-C16A-4189-823E-E57ADD9F4753}
	EndGlobalSection
EndGlobal
